
Microsoft Visual Studio Solution File, Format Version 12.00
# Visual Studio Version 16
VisualStudioVersion = 16.0.29911.84
MinimumVisualStudioVersion = 10.0.40219.1
Project("{FAE04EC0-301F-11D3-BF4B-00C04F79EFBC}") = "DateTimeSample", "DateTimeSample\DateTimeSample.csproj", "{97AEBD86-4B7C-44D2-AE59-73BA58E3D671}"
EndProject
Global
	GlobalSection(SolutionConfigurationPlatforms) = preSolution
		Debug|Any CPU = Debug|Any CPU
		Release|Any CPU = Release|Any CPU
	EndGlobalSection
	GlobalSection(ProjectConfigurationPlatforms) = postSolution
		{97AEBD86-4B7C-44D2-AE59-73BA58E3D671}.Debug|Any CPU.ActiveCfg = Debug|Any CPU
		{97AEBD86-4B7C-44D2-AE59-73BA58E3D671}.Debug|Any CPU.Build.0 = Debug|Any CPU
		{97AEBD86-4B7C-44D2-AE59-73BA58E3D671}.Release|Any CPU.ActiveCfg = Release|Any CPU
		{97AEBD86-4B7C-44D2-AE59-73BA58E3D671}.Release|Any CPU.Build.0 = Release|Any CPU
	EndGlobalSection
	GlobalSection(SolutionProperties) = preSolution
		HideSolutionNode = FALSE
	EndGlobalSection
	GlobalSection(ExtensibilityGlobals) = postSolution
		SolutionGuid = {E504F838-B6D2-404B-94D1-E70E37F9E3EB}
	EndGlobalSection
EndGlobal
